
Microsoft Visual Studio Solution File, Format Version 12.00
# Visual Studio Version 17
VisualStudioVersion = 17.11.35312.102
MinimumVisualStudioVersion = 10.0.40219.1
Project("{9A19103F-16F7-4668-BE54-9A1E7A4F7556}") = "TodoApp", "TodoApp.csproj", "{27F45541-E129-429B-905C-0E4C3AF3FD3D}"
EndProject
Global
	GlobalSection(SolutionConfigurationPlatforms) = preSolution
		Debug|Any CPU = Debug|Any CPU
		Release|Any CPU = Release|Any CPU
	EndGlobalSection
	GlobalSection(ProjectConfigurationPlatforms) = postSolution
		{27F45541-E129-429B-905C-0E4C3AF3FD3D}.Debug|Any CPU.ActiveCfg = Debug|Any CPU
		{27F45541-E129-429B-905C-0E4C3AF3FD3D}.Debug|Any CPU.Build.0 = Debug|Any CPU
		{27F45541-E129-429B-905C-0E4C3AF3FD3D}.Release|Any CPU.ActiveCfg = Release|Any CPU
		{27F45541-E129-429B-905C-0E4C3AF3FD3D}.Release|Any CPU.Build.0 = Release|Any CPU
	EndGlobalSection
	GlobalSection(SolutionProperties) = preSolution
		HideSolutionNode = FALSE
	EndGlobalSection
	GlobalSection(ExtensibilityGlobals) = postSolution
		SolutionGuid = {B4191641-57D2-4D01-A9CF-72AAB9981815}
	EndGlobalSection
EndGlobal
